
Microsoft Visual Studio Solution File, Format Version 12.00
# Visual Studio Version 17
VisualStudioVersion = 17.4.33205.214
MinimumVisualStudioVersion = 10.0.40219.1
Project("{FAE04EC0-301F-11D3-BF4B-00C04F79EFBC}") = "ARB1", "ARB1\ARB1.csproj", "{7B178E59-EBFE-4E57-9659-CD42B798C37D}"
EndProject
Global
	GlobalSection(SolutionConfigurationPlatforms) = preSolution
		Debug|Any CPU = Debug|Any CPU
		Release|Any CPU = Release|Any CPU
	EndGlobalSection
	GlobalSection(ProjectConfigurationPlatforms) = postSolution
		{7B178E59-EBFE-4E57-9659-CD42B798C37D}.Debug|Any CPU.ActiveCfg = Debug|Any CPU
		{7B178E59-EBFE-4E57-9659-CD42B798C37D}.Debug|Any CPU.Build.0 = Debug|Any CPU
		{7B178E59-EBFE-4E57-9659-CD42B798C37D}.Release|Any CPU.ActiveCfg = Release|Any CPU
		{7B178E59-EBFE-4E57-9659-CD42B798C37D}.Release|Any CPU.Build.0 = Release|Any CPU
	EndGlobalSection
	GlobalSection(SolutionProperties) = preSolution
		HideSolutionNode = FALSE
	EndGlobalSection
	GlobalSection(ExtensibilityGlobals) = postSolution
		SolutionGuid = {727EBA39-B4A9-4CB7-866C-A9C939B60AED}
	EndGlobalSection
EndGlobal
